
Microsoft Visual Studio Solution File, Format Version 12.00
# Visual Studio Version 17
VisualStudioVersion = 17.10.35027.167
MinimumVisualStudioVersion = 10.0.40219.1
Project("{FAE04EC0-301F-11D3-BF4B-00C04F79EFBC}") = "DiziYorumProje", "DiziYorumProje\DiziYorumProje.csproj", "{B696D7F4-576E-4B2B-A5F5-B63F0CFFD4DE}"
EndProject
Global
	GlobalSection(SolutionConfigurationPlatforms) = preSolution
		Debug|Any CPU = Debug|Any CPU
		Release|Any CPU = Release|Any CPU
	EndGlobalSection
	GlobalSection(ProjectConfigurationPlatforms) = postSolution
		{B696D7F4-576E-4B2B-A5F5-B63F0CFFD4DE}.Debug|Any CPU.ActiveCfg = Debug|Any CPU
		{B696D7F4-576E-4B2B-A5F5-B63F0CFFD4DE}.Debug|Any CPU.Build.0 = Debug|Any CPU
		{B696D7F4-576E-4B2B-A5F5-B63F0CFFD4DE}.Release|Any CPU.ActiveCfg = Release|Any CPU
		{B696D7F4-576E-4B2B-A5F5-B63F0CFFD4DE}.Release|Any CPU.Build.0 = Release|Any CPU
	EndGlobalSection
	GlobalSection(SolutionProperties) = preSolution
		HideSolutionNode = FALSE
	EndGlobalSection
	GlobalSection(ExtensibilityGlobals) = postSolution
		SolutionGuid = {2A4E4696-C674-4BC4-B30D-8C3D27D194C0}
	EndGlobalSection
EndGlobal
